
Microsoft Visual Studio Solution File, Format Version 12.00
# Visual Studio Version 17
VisualStudioVersion = 17.13.35825.156 d17.13
MinimumVisualStudioVersion = 10.0.40219.1
Project("{FAE04EC0-301F-11D3-BF4B-00C04F79EFBC}") = "PBL IF-31", "PBL IF-31\PBL IF-31.csproj", "{92E7C004-66F1-4977-A869-7AC4FFA974F7}"
EndProject
Global
	GlobalSection(SolutionConfigurationPlatforms) = preSolution
		Debug|Any CPU = Debug|Any CPU
		Release|Any CPU = Release|Any CPU
	EndGlobalSection
	GlobalSection(ProjectConfigurationPlatforms) = postSolution
		{92E7C004-66F1-4977-A869-7AC4FFA974F7}.Debug|Any CPU.ActiveCfg = Debug|Any CPU
		{92E7C004-66F1-4977-A869-7AC4FFA974F7}.Debug|Any CPU.Build.0 = Debug|Any CPU
		{92E7C004-66F1-4977-A869-7AC4FFA974F7}.Release|Any CPU.ActiveCfg = Release|Any CPU
		{92E7C004-66F1-4977-A869-7AC4FFA974F7}.Release|Any CPU.Build.0 = Release|Any CPU
	EndGlobalSection
	GlobalSection(SolutionProperties) = preSolution
		HideSolutionNode = FALSE
	EndGlobalSection
	GlobalSection(ExtensibilityGlobals) = postSolution
		SolutionGuid = {718FDFB8-BA0E-4CE6-892F-A5595B837E2E}
	EndGlobalSection
EndGlobal
